# THIS IS AN AUTOGENERATED FILE. DO NOT EDIT THIS FILE DIRECTLY.
# yarn lockfile v1


"@napi-rs/triples@^1.0.2":
  version "1.0.2"
  resolved "https://registry.yarnpkg.com/@napi-rs/triples/-/triples-1.0.2.tgz#2ce4c6a78568358772008f564ee5009093d20a19"
  integrity sha512-EL3SiX43m9poFSnhDx4d4fn9SSaqyO2rHsCNhETi9bWPmjXK3uPJ0QpPFtx39FEdHcz1vJmsiW41kqc0AgvtzQ==

"@node-rs/helper@^1.0.0":
  version "1.1.0"
  resolved "https://registry.yarnpkg.com/@node-rs/helper/-/helper-1.1.0.tgz#4fcbbebae3b81932d1ff3e431c7cd3886b504742"
  integrity sha512-r43YnnrY5JNzDuXJdW3sBJrKzvejvFmFWbiItUEoBJsaPzOIWFMhXB7i5j4c9EMXcFfxveF4l7hT+rLmwtjrVQ==
  dependencies:
    "@napi-rs/triples" "^1.0.2"
    tslib "^2.1.0"

"@swc/core-android-arm64@^1.2.57":
  version "1.2.57"
  resolved "https://registry.yarnpkg.com/@swc/core-android-arm64/-/core-android-arm64-1.2.57.tgz#95d7631cbe85ee0abc1774719454217a49bbd2d2"
  integrity sha512-RgWnbTZNHZQSSwsKI74Av/gjprP6DEyiXgjz00rU2m0umsXR6EaahLMim4M6o2C/lOdYHJiiVG1/fl42qzFwsQ==

"@swc/core-darwin-arm64@^1.2.57":
  version "1.2.57"
  resolved "https://registry.yarnpkg.com/@swc/core-darwin-arm64/-/core-darwin-arm64-1.2.57.tgz#d484bee93309ae3c2131cbac631b504077b1887e"
  integrity sha512-ZO+Fawsh/WTs6HacDhWtU2dkFK9y9voMFeCbLmWBrUKNL/htpyKv9UBTN+jNMw1tadJGzXX/OaeTOZRQFjOpcA==

"@swc/core-darwin-x64@^1.2.57":
  version "1.2.57"
  resolved "https://registry.yarnpkg.com/@swc/core-darwin-x64/-/core-darwin-x64-1.2.57.tgz#129dc46a9e91c236018e0f6224c3d0471c4d364f"
  integrity sha512-JM/Kntr23r4J5aM+obxtlbS872Oef4q202bqopClu+5lpllv7516/ubeCJ2wspgTQhrfnH4Y55PMStpYFsxg1g==

"@swc/core-linux-arm-gnueabihf@^1.2.57":
  version "1.2.57"
  resolved "https://registry.yarnpkg.com/@swc/core-linux-arm-gnueabihf/-/core-linux-arm-gnueabihf-1.2.57.tgz#585eea7d69b326bebefb9e4c8b65f6f8e1b66a25"
  integrity sha512-EzH86V5dBZAlnLZ4WMUotqdbgCZewp+MmWZYlfjbm6aaPTLrVQIuNewBenY9sP3TbPq4Ui3b9ujvh5L37+fWNg==

"@swc/core-linux-arm64-gnu@^1.2.57":
  version "1.2.57"
  resolved "https://registry.yarnpkg.com/@swc/core-linux-arm64-gnu/-/core-linux-arm64-gnu-1.2.57.tgz#c7cba6d090cdb08e14965ca1baaf799377e64dcb"
  integrity sha512-mSUWiztG7kejaX6KUwMjKjgKj6+qBfip1eU8R6FxsSaLnFM5OQPER4n7PLDg3YCg4sWVj5hXJ7u/bG2l/iOsxg==

"@swc/core-linux-x64-gnu@^1.2.57":
  version "1.2.57"
  resolved "https://registry.yarnpkg.com/@swc/core-linux-x64-gnu/-/core-linux-x64-gnu-1.2.57.tgz#7adadbf555d8a221b91c8834b3cbecde4e97d94f"
  integrity sha512-zgHrLSaOaQkRPs29c+1450lEn2jBivzRMIKmafbRtgVjiU8k9/eBMP3jRLRZsV1iIIH/13gDqeGgi1DXdluTPQ==

"@swc/core-linux-x64-musl@^1.2.57":
  version "1.2.57"
  resolved "https://registry.yarnpkg.com/@swc/core-linux-x64-musl/-/core-linux-x64-musl-1.2.57.tgz#134e5679deb35faca7c3cfbb2b985dae9a272727"
  integrity sha512-13c7g2WmBecl13UQPFsPhkUIkNaTPKXIM1+WqKLAeStV7umsHmwjWMVqaG2dwlKji4A+4fLWW/jmladrwswkUw==

"@swc/core-win32-ia32-msvc@^1.2.57":
  version "1.2.57"
  resolved "https://registry.yarnpkg.com/@swc/core-win32-ia32-msvc/-/core-win32-ia32-msvc-1.2.57.tgz#3e7a48f22a8d905e732957f9b8ccbecdb1f47d6e"
  integrity sha512-Cwbw/0yovQ0NF76sAnvX24p5bwzF0iAXutdcta4wWzsovMhAe5+qJxgIyJOu057gv7RLR4XZx51Hi13sXWxJQQ==

"@swc/core-win32-x64-msvc@^1.2.57":
  version "1.2.57"
  resolved "https://registry.yarnpkg.com/@swc/core-win32-x64-msvc/-/core-win32-x64-msvc-1.2.57.tgz#e88533769289578b7fac050b14cd3eedba5a1e48"
  integrity sha512-lPOtU1xDeF8GO+cejnyGDFXVBjVUs0DX+++6O4qSj1nbhYo64R6Ui/HpmQFaXqFq3AWCAj10GyGNrerJjNQhGg==

"@swc/core@^1.2.57":
  version "1.2.57"
  resolved "https://registry.yarnpkg.com/@swc/core/-/core-1.2.57.tgz#ee5b4e2c907e5e9998c00e430e0f3a4e8c5ad866"
  integrity sha512-sO6jXmBaiP33L/y6thxa1Dx8WS0Ttg19qsr3SB9/LIovydCSNTsYuLElftZWeq8QoDBwcYCDsiYIPnfZzsRiMg==
  dependencies:
    "@node-rs/helper" "^1.0.0"
  optionalDependencies:
    "@swc/core-android-arm64" "^1.2.57"
    "@swc/core-darwin-arm64" "^1.2.57"
    "@swc/core-darwin-x64" "^1.2.57"
    "@swc/core-linux-arm-gnueabihf" "^1.2.57"
    "@swc/core-linux-arm64-gnu" "^1.2.57"
    "@swc/core-linux-x64-gnu" "^1.2.57"
    "@swc/core-linux-x64-musl" "^1.2.57"
    "@swc/core-win32-ia32-msvc" "^1.2.57"
    "@swc/core-win32-x64-msvc" "^1.2.57"

tslib@^2.1.0:
  version "2.2.0"
  resolved "https://registry.yarnpkg.com/tslib/-/tslib-2.2.0.tgz#fb2c475977e35e241311ede2693cee1ec6698f5c"
  integrity sha512-gS9GVHRU+RGn5KQM2rllAlR3dU6m7AcpJKdtH8gFvQiC4Otgk98XnmMU+nZenHt/+VhnBPWwgrJsyrdcw6i23w==

typescript@^4.2.4:
  version "4.2.4"
  resolved "https://registry.yarnpkg.com/typescript/-/typescript-4.2.4.tgz#8610b59747de028fda898a8aef0e103f156d0961"
  integrity sha512-V+evlYHZnQkaz8TRBuxTA92yZBPotr5H+WhQ7bD3hZUndx5tGOa1fuCgeSjxAzM1RiN5IzvadIXTVefuuwZCRg==
