# THIS IS AN AUTOGENERATED FILE. DO NOT EDIT THIS FILE DIRECTLY.
# yarn lockfile v1


"@napi-rs/triples@^1.0.3":
  version "1.0.3"
  resolved "https://registry.yarnpkg.com/@napi-rs/triples/-/triples-1.0.3.tgz#76d6d0c3f4d16013c61e45dfca5ff1e6c31ae53c"
  integrity sha512-jDJTpta+P4p1NZTFVLHJ/TLFVYVcOqv6l8xwOeBKNPMgY/zDYH/YH7SJbvrr/h1RcS9GzbPcLKGzpuK9cV56UA==

"@node-rs/helper@^1.0.0":
  version "1.2.1"
  resolved "https://registry.yarnpkg.com/@node-rs/helper/-/helper-1.2.1.tgz#e079b05f21ff4329d82c4e1f71c0290e4ecdc70c"
  integrity sha512-R5wEmm8nbuQU0YGGmYVjEc0OHtYsuXdpRG+Ut/3wZ9XAvQWyThN08bTh2cBJgoZxHQUPtvRfeQuxcAgLuiBISg==
  dependencies:
    "@napi-rs/triples" "^1.0.3"

"@swc/core-android-arm64@^1.2.70":
  version "1.2.70"
  resolved "https://registry.yarnpkg.com/@swc/core-android-arm64/-/core-android-arm64-1.2.70.tgz#4a5b37e07a3a85ad40760209d1bb6b429d4db065"
  integrity sha512-Zq7lBQ8L+LtcwYbkZFHDiosVW/1wa4QTxvSIeA4YWVRWogWAp73MQm1aaRsq+LLCu/7W7a0j3t61y64dxgyvDg==

"@swc/core-darwin-arm64@^1.2.70":
  version "1.2.70"
  resolved "https://registry.yarnpkg.com/@swc/core-darwin-arm64/-/core-darwin-arm64-1.2.70.tgz#87b18a664f3b813eda6e006ae8892aa41205d199"
  integrity sha512-QoxAyCg08W6U3eUJ2M36OX+pdqFV9vDwevtySoEPjBZegsKrBqNzCwyRbxst/TUkgm9yycv++yexvl1aPMVf3g==

"@swc/core-darwin-x64@^1.2.70":
  version "1.2.70"
  resolved "https://registry.yarnpkg.com/@swc/core-darwin-x64/-/core-darwin-x64-1.2.70.tgz#8a6a5762cf1f8836d0915361521ef2a75a613f2a"
  integrity sha512-uxXvQWih1PewtATjENXgWeqPM+AWBAL6JYpRVLf92ZR2Tj/G1XmX3szCgnGNA0Vx+gt1Iw5mu2RZIixmT/hNXg==

"@swc/core-freebsd-x64@^1.2.70":
  version "1.2.70"
  resolved "https://registry.yarnpkg.com/@swc/core-freebsd-x64/-/core-freebsd-x64-1.2.70.tgz#16d47e58685c74689a4d5c2b1fa82c503706b4f3"
  integrity sha512-o3TE3d0aA/+PFIw2e1UcCvnuvteE+V1jBqbvqqs8joX2fcTA+7SHHEx7KCbt6Ui885Dp60H6FclUZCBoh5RoZw==

"@swc/core-linux-arm-gnueabihf@^1.2.70":
  version "1.2.70"
  resolved "https://registry.yarnpkg.com/@swc/core-linux-arm-gnueabihf/-/core-linux-arm-gnueabihf-1.2.70.tgz#49af649712595f07717bec00854ad2682ee5a6c2"
  integrity sha512-1rt4aDMIH5VcHsRmMeX7fuWIzJn9pfIwae+yz0MBVEiMKgYS26swNjJNN+3k37MXEATfDFynCDFSidjc0wrKQA==

"@swc/core-linux-arm64-gnu@^1.2.70":
  version "1.2.70"
  resolved "https://registry.yarnpkg.com/@swc/core-linux-arm64-gnu/-/core-linux-arm64-gnu-1.2.70.tgz#90d2516334f7266d3744e63be7ecd4dc14665954"
  integrity sha512-psdyNMpEWiGyUETdSJTBba7mZ0pLY2DRqiBfCEd7roIESJ3ZBoDhMvexu7P9rFUH0EGYFfowmxeFTLGvw74omQ==

"@swc/core-linux-arm64-musl@^1.2.70":
  version "1.2.70"
  resolved "https://registry.yarnpkg.com/@swc/core-linux-arm64-musl/-/core-linux-arm64-musl-1.2.70.tgz#2f2b37ace9e683b2f8f03aed8bac9c1df3d03229"
  integrity sha512-JamkRFw+Rw2UX7lg4QhvqU5oW8jppvM46EA+b97JFDFMAlByMASXbLblJ2R/As+6BaIttYqqRr++UJbhZf5vpw==

"@swc/core-linux-x64-gnu@^1.2.70":
  version "1.2.70"
  resolved "https://registry.yarnpkg.com/@swc/core-linux-x64-gnu/-/core-linux-x64-gnu-1.2.70.tgz#77ae77fd040ad99399664b085536931b4654d9c7"
  integrity sha512-/jGVV+A5NtI1gKHSp5hvfj1vdGNQWC2MutLr0t5dAOZ0Ij6YpTY1YTnN8tvVFwPwMVFP9Ly/wkG9YJt/f/T5TQ==

"@swc/core-linux-x64-musl@^1.2.70":
  version "1.2.70"
  resolved "https://registry.yarnpkg.com/@swc/core-linux-x64-musl/-/core-linux-x64-musl-1.2.70.tgz#9683dfd7434aaef090e56497fb7943882cd02231"
  integrity sha512-k+Sa5DwkPexeNoHPkSm3dhKwPnnmqfNalu6mygDRVAwATVoEHEAxYEwFM3DQjTfBMLGyW5T6aWaKZOseEhLJUg==

"@swc/core-win32-arm64-msvc@^1.2.70":
  version "1.2.70"
  resolved "https://registry.yarnpkg.com/@swc/core-win32-arm64-msvc/-/core-win32-arm64-msvc-1.2.70.tgz#2ecaccc5bb4510e34b37517cd35bf9cbac1586b8"
  integrity sha512-RAdskZSUU2/K8JS8fPNgNqxZHxX2JvKYcq4IXoQ1zKkwsAkdm8jIx9YXIXWSynttckPF1Nid1Ij8tPGkZaZn8w==

"@swc/core-win32-ia32-msvc@^1.2.70":
  version "1.2.70"
  resolved "https://registry.yarnpkg.com/@swc/core-win32-ia32-msvc/-/core-win32-ia32-msvc-1.2.70.tgz#51ae0f7b6b49c98896b5aa30243c2626a4e227b3"
  integrity sha512-rbTQWfKzU+R8AQsdKgnmxmesoE6s3+n0I1B/hv5HI/HOHwXhaPotoRK//wreYWXGuUwZmRBXwMm0ATOWKK0/uA==

"@swc/core-win32-x64-msvc@^1.2.70":
  version "1.2.70"
  resolved "https://registry.yarnpkg.com/@swc/core-win32-x64-msvc/-/core-win32-x64-msvc-1.2.70.tgz#6eec9eed155ec89cdbfb2a784b5736c2453f6d10"
  integrity sha512-co4zKgF8HdngnI0y+OzUtE0MCWAHBA26dBaM/G71y6OBvFWBx//uw6/GU0x6rLIR4p3EXW2Sj4ze6VsCicYXqQ==

"@swc/core@^1.2.70":
  version "1.2.70"
  resolved "https://registry.yarnpkg.com/@swc/core/-/core-1.2.70.tgz#23d2821306168ef2d92781c718603f664c3d748a"
  integrity sha512-OnV4chCPqIybPTEC2jRMCuIOm/6keFUw37tpqL8hJ9+r8n44SGg2lheWaqQrFko9UDg0nwTR4Go5h4U0u5PkFw==
  dependencies:
    "@node-rs/helper" "^1.0.0"
  optionalDependencies:
    "@swc/core-android-arm64" "^1.2.70"
    "@swc/core-darwin-arm64" "^1.2.70"
    "@swc/core-darwin-x64" "^1.2.70"
    "@swc/core-freebsd-x64" "^1.2.70"
    "@swc/core-linux-arm-gnueabihf" "^1.2.70"
    "@swc/core-linux-arm64-gnu" "^1.2.70"
    "@swc/core-linux-arm64-musl" "^1.2.70"
    "@swc/core-linux-x64-gnu" "^1.2.70"
    "@swc/core-linux-x64-musl" "^1.2.70"
    "@swc/core-win32-arm64-msvc" "^1.2.70"
    "@swc/core-win32-ia32-msvc" "^1.2.70"
    "@swc/core-win32-x64-msvc" "^1.2.70"

typescript@^4.3.5:
  version "4.3.5"
  resolved "https://registry.yarnpkg.com/typescript/-/typescript-4.3.5.tgz#4d1c37cc16e893973c45a06886b7113234f119f4"
  integrity sha512-DqQgihaQ9cUrskJo9kIyW/+g0Vxsk8cDtZ52a3NGh0YNTfpUSArXSohyUGnvbPazEPLu398C0UxmKSOrPumUzA==
