# THIS IS AN AUTOGENERATED FILE. DO NOT EDIT THIS FILE DIRECTLY.
# yarn lockfile v1


"@napi-rs/triples@^1.0.2":
  version "1.0.2"
  resolved "https://registry.yarnpkg.com/@napi-rs/triples/-/triples-1.0.2.tgz#2ce4c6a78568358772008f564ee5009093d20a19"
  integrity sha512-EL3SiX43m9poFSnhDx4d4fn9SSaqyO2rHsCNhETi9bWPmjXK3uPJ0QpPFtx39FEdHcz1vJmsiW41kqc0AgvtzQ==

"@node-rs/helper@^1.0.0":
  version "1.1.0"
  resolved "https://registry.yarnpkg.com/@node-rs/helper/-/helper-1.1.0.tgz#4fcbbebae3b81932d1ff3e431c7cd3886b504742"
  integrity sha512-r43YnnrY5JNzDuXJdW3sBJrKzvejvFmFWbiItUEoBJsaPzOIWFMhXB7i5j4c9EMXcFfxveF4l7hT+rLmwtjrVQ==
  dependencies:
    "@napi-rs/triples" "^1.0.2"
    tslib "^2.1.0"

"@swc/core-android-arm64@^1.2.55":
  version "1.2.56"
  resolved "https://registry.yarnpkg.com/@swc/core-android-arm64/-/core-android-arm64-1.2.56.tgz#f601b2e19cb36789d0ef5a26685e9ceca6e85d54"
  integrity sha512-yXiqbuEnpotpYdGL8rFvRQzkK7JQ1rhZAdGTcCvwUF7L8Ujm1NxJlrNaiMiK7uKvCYOynwe32Ddykaew8ggEFQ==

"@swc/core-darwin-arm64@^1.2.55":
  version "1.2.56"
  resolved "https://registry.yarnpkg.com/@swc/core-darwin-arm64/-/core-darwin-arm64-1.2.56.tgz#d7c92e69c483007cac0346cb2a7029e3f47ebb32"
  integrity sha512-Ub74q6rKxJy909mXoBJQ7dF5dUJnqrq3XpGHWexv3WUr7C/sTbcwZDwgFMqgDHOf0TSPTge+qwPNOIxcSYv/Kg==

"@swc/core-darwin-x64@^1.2.55":
  version "1.2.56"
  resolved "https://registry.yarnpkg.com/@swc/core-darwin-x64/-/core-darwin-x64-1.2.56.tgz#58f54142a91b9ce3849d535d88adbf4cec982628"
  integrity sha512-vxHo9eAyEVykTXM9tJGOYdlsxWq43po5mDeB1dEEjdwefpRCeV+xv3xL6GfVxoVn26w+LZgT4R+BpP0Hx7kATQ==

"@swc/core-linux-arm-gnueabihf@^1.2.55":
  version "1.2.56"
  resolved "https://registry.yarnpkg.com/@swc/core-linux-arm-gnueabihf/-/core-linux-arm-gnueabihf-1.2.56.tgz#2aac098ef4331d1afdb18c02d6789dfd6c4a2d18"
  integrity sha512-Chmj/OQB1ie/UY5Cdt9e8VkUTE5lDAPGg4eN2O71j0UlZux3TwR+L/tiGuS9S87lqF9qtZAmZ+WTldeiVFdVqQ==

"@swc/core-linux-arm64-gnu@^1.2.55":
  version "1.2.56"
  resolved "https://registry.yarnpkg.com/@swc/core-linux-arm64-gnu/-/core-linux-arm64-gnu-1.2.56.tgz#a6fc9a9c21e471b1f5a2650bbf39ef2052a81a86"
  integrity sha512-WCze10brrFmWrJUKmmZVQPfgVnfkvfXbKbs24cgjFSzsV2iBZ4/NVqe+5covYTOkaFvnrqERHqq+ntm1wjDT1A==

"@swc/core-linux-x64-gnu@^1.2.55":
  version "1.2.56"
  resolved "https://registry.yarnpkg.com/@swc/core-linux-x64-gnu/-/core-linux-x64-gnu-1.2.56.tgz#0e6b1c86eaa146db58ed6a37f4989cc912752880"
  integrity sha512-B+Rr6NXUNe8RmgBNEh3ATZt77muFssaXbzIYTn+Yovw/s+xh27TFHaoZkfKJFNY/uWxL3S22ZVAxv5ugwS4++g==

"@swc/core-linux-x64-musl@^1.2.55":
  version "1.2.56"
  resolved "https://registry.yarnpkg.com/@swc/core-linux-x64-musl/-/core-linux-x64-musl-1.2.56.tgz#b4288bc10fc82b291f522c2a03b0ea1cd1af8128"
  integrity sha512-W1BA8Zjz4pkFmAg3PqKsdTyySkJcUiPWi18Ok0qBx2xemgkEKpERpwI51NwWm3YQUSJKTH2MFiwfDLtCE+Ieng==

"@swc/core-win32-ia32-msvc@^1.2.55":
  version "1.2.56"
  resolved "https://registry.yarnpkg.com/@swc/core-win32-ia32-msvc/-/core-win32-ia32-msvc-1.2.56.tgz#eba70f97b68a50fcba1b24eb8242e732fc05ec87"
  integrity sha512-sSpruAaA3y0CXO1yMPfDxo4p9wtrS7cVOM7P9IryKIUGZBtoM3U0W2NAUE3h5GNrx7xv2GBxqtzfoYW6I8T9bw==

"@swc/core-win32-x64-msvc@^1.2.55":
  version "1.2.56"
  resolved "https://registry.yarnpkg.com/@swc/core-win32-x64-msvc/-/core-win32-x64-msvc-1.2.56.tgz#6869931f6dc8c7f3ca8fac2326709dec581c2834"
  integrity sha512-eSqajMZ6fAfHAy1h9Bh8oN90faCy3zsj3VcgjhEbJQnjUIN32eOLlWb70pAb58ckP+c2pBejaRuRElVjaViVjw==

"@swc/core@^1.2.55":
  version "1.2.55"
  resolved "https://registry.yarnpkg.com/@swc/core/-/core-1.2.55.tgz#41752178af694e5f2bbe10e5aac096d5d842df92"
  integrity sha512-ZtyxJ0IT0dv4jq0oPrlQytRN9HoSocT5Xig6y/Yx28uFRGJOlqaP1NrkNyZhB65c29gwXoedxN54uVqmXe+aFQ==
  dependencies:
    "@node-rs/helper" "^1.0.0"
  optionalDependencies:
    "@swc/core-android-arm64" "^1.2.55"
    "@swc/core-darwin-arm64" "^1.2.55"
    "@swc/core-darwin-x64" "^1.2.55"
    "@swc/core-linux-arm-gnueabihf" "^1.2.55"
    "@swc/core-linux-arm64-gnu" "^1.2.55"
    "@swc/core-linux-x64-gnu" "^1.2.55"
    "@swc/core-linux-x64-musl" "^1.2.55"
    "@swc/core-win32-ia32-msvc" "^1.2.55"
    "@swc/core-win32-x64-msvc" "^1.2.55"

tslib@^2.1.0:
  version "2.2.0"
  resolved "https://registry.yarnpkg.com/tslib/-/tslib-2.2.0.tgz#fb2c475977e35e241311ede2693cee1ec6698f5c"
  integrity sha512-gS9GVHRU+RGn5KQM2rllAlR3dU6m7AcpJKdtH8gFvQiC4Otgk98XnmMU+nZenHt/+VhnBPWwgrJsyrdcw6i23w==

typescript@^4.2.4:
  version "4.2.4"
  resolved "https://registry.yarnpkg.com/typescript/-/typescript-4.2.4.tgz#8610b59747de028fda898a8aef0e103f156d0961"
  integrity sha512-V+evlYHZnQkaz8TRBuxTA92yZBPotr5H+WhQ7bD3hZUndx5tGOa1fuCgeSjxAzM1RiN5IzvadIXTVefuuwZCRg==
